# This file was autogenerated by uv via the following command:
#    uv pip compile pyproject.toml --output-file uv.lock
asttokens==3.0.0
    # via
    #   financial-analytics (pyproject.toml)
    #   stack-data
beautifulsoup4==4.13.5
    # via
    #   financial-analytics (pyproject.toml)
    #   bs4
    #   google
    #   yfinance
bs4==0.0.2
    # via financial-analytics (pyproject.toml)
certifi==2025.8.3
    # via
    #   financial-analytics (pyproject.toml)
    #   curl-cffi
    #   requests
cffi==1.17.1
    # via
    #   financial-analytics (pyproject.toml)
    #   curl-cffi
charset-normalizer==3.4.3
    # via requests
colorama==0.4.6
    # via
    #   financial-analytics (pyproject.toml)
    #   ipython
comm==0.2.3
    # via
    #   financial-analytics (pyproject.toml)
    #   ipykernel
contourpy==1.3.3
    # via
    #   financial-analytics (pyproject.toml)
    #   matplotlib
curl-cffi==0.13.0
    # via
    #   financial-analytics (pyproject.toml)
    #   yfinance
cycler==0.12.1
    # via
    #   financial-analytics (pyproject.toml)
    #   matplotlib
debugpy==1.8.16
    # via
    #   financial-analytics (pyproject.toml)
    #   ipykernel
decorator==5.2.1
    # via
    #   financial-analytics (pyproject.toml)
    #   ipython
executing==2.2.1
    # via
    #   financial-analytics (pyproject.toml)
    #   stack-data
fonttools==4.59.2
    # via
    #   financial-analytics (pyproject.toml)
    #   matplotlib
frozendict==2.4.6
    # via
    #   financial-analytics (pyproject.toml)
    #   yfinance
google==3.0.0
    # via financial-analytics (pyproject.toml)
idna==3.10
    # via requests
ipykernel==6.30.1
    # via financial-analytics (pyproject.toml)
ipython==9.5.0
    # via
    #   financial-analytics (pyproject.toml)
    #   ipykernel
ipython-pygments-lexers==1.1.1
    # via
    #   financial-analytics (pyproject.toml)
    #   ipython
jedi==0.19.2
    # via
    #   financial-analytics (pyproject.toml)
    #   ipython
jupyter-client==8.6.3
    # via
    #   financial-analytics (pyproject.toml)
    #   ipykernel
jupyter-core==5.8.1
    # via
    #   financial-analytics (pyproject.toml)
    #   ipykernel
    #   jupyter-client
kiwisolver==1.4.9
    # via
    #   financial-analytics (pyproject.toml)
    #   matplotlib
matplotlib==3.10.6
    # via
    #   financial-analytics (pyproject.toml)
    #   matplotlib-fontja
matplotlib-fontja==1.1.0
    # via financial-analytics (pyproject.toml)
matplotlib-inline==0.1.7
    # via
    #   financial-analytics (pyproject.toml)
    #   ipykernel
    #   ipython
multitasking==0.0.12
    # via
    #   financial-analytics (pyproject.toml)
    #   yfinance
nest-asyncio==1.6.0
    # via
    #   financial-analytics (pyproject.toml)
    #   ipykernel
numpy==2.3.2
    # via
    #   financial-analytics (pyproject.toml)
    #   contourpy
    #   matplotlib
    #   pandas
    #   scipy
    #   yfinance
packaging==25.0
    # via
    #   financial-analytics (pyproject.toml)
    #   ipykernel
    #   matplotlib
pandas==2.3.2
    # via
    #   financial-analytics (pyproject.toml)
    #   yfinance
parso==0.8.5
    # via
    #   financial-analytics (pyproject.toml)
    #   jedi
peewee==3.18.2
    # via
    #   financial-analytics (pyproject.toml)
    #   yfinance
pillow==11.3.0
    # via
    #   financial-analytics (pyproject.toml)
    #   matplotlib
platformdirs==4.4.0
    # via
    #   financial-analytics (pyproject.toml)
    #   jupyter-core
    #   yfinance
prompt-toolkit==3.0.52
    # via
    #   financial-analytics (pyproject.toml)
    #   ipython
protobuf==6.32.0
    # via
    #   financial-analytics (pyproject.toml)
    #   yfinance
psutil==7.0.0
    # via
    #   financial-analytics (pyproject.toml)
    #   ipykernel
pure-eval==0.2.3
    # via
    #   financial-analytics (pyproject.toml)
    #   stack-data
pyarrow==21.0.0
    # via financial-analytics (pyproject.toml)
pycparser==2.22
    # via
    #   financial-analytics (pyproject.toml)
    #   cffi
pygments==2.19.2
    # via
    #   financial-analytics (pyproject.toml)
    #   ipython
    #   ipython-pygments-lexers
pyparsing==3.2.3
    # via
    #   financial-analytics (pyproject.toml)
    #   matplotlib
python-dateutil==2.9.0.post0
    # via
    #   financial-analytics (pyproject.toml)
    #   jupyter-client
    #   matplotlib
    #   pandas
pytz==2025.2
    # via
    #   financial-analytics (pyproject.toml)
    #   pandas
    #   yfinance
pywin32==311
    # via
    #   financial-analytics (pyproject.toml)
    #   jupyter-core
pyzmq==27.0.2
    # via
    #   financial-analytics (pyproject.toml)
    #   ipykernel
    #   jupyter-client
requests==2.32.5
    # via yfinance
scipy==1.16.1
    # via financial-analytics (pyproject.toml)
six==1.17.0
    # via
    #   financial-analytics (pyproject.toml)
    #   python-dateutil
soupsieve==2.8
    # via
    #   financial-analytics (pyproject.toml)
    #   beautifulsoup4
stack-data==0.6.3
    # via
    #   financial-analytics (pyproject.toml)
    #   ipython
tornado==6.5.2
    # via
    #   financial-analytics (pyproject.toml)
    #   ipykernel
    #   jupyter-client
traitlets==5.14.3
    # via
    #   financial-analytics (pyproject.toml)
    #   ipykernel
    #   ipython
    #   jupyter-client
    #   jupyter-core
    #   matplotlib-inline
typing-extensions==4.15.0
    # via
    #   financial-analytics (pyproject.toml)
    #   beautifulsoup4
tzdata==2025.2
    # via pandas
urllib3==2.5.0
    # via requests
wcwidth==0.2.13
    # via
    #   financial-analytics (pyproject.toml)
    #   prompt-toolkit
websockets==15.0.1
    # via
    #   financial-analytics (pyproject.toml)
    #   yfinance
yfinance==0.2.65
    # via financial-analytics (pyproject.toml)
